
Microsoft Visual Studio Solution File, Format Version 12.00
# Visual Studio Version 16
VisualStudioVersion = 16.0.31019.35
MinimumVisualStudioVersion = 10.0.40219.1
Project("{FAE04EC0-301F-11D3-BF4B-00C04F79EFBC}") = "ProjectGame", "ProjectGame\ProjectGame.csproj", "{469B79F8-C098-4A71-B9DB-C188A53E6D1C}"
EndProject
Global
	GlobalSection(SolutionConfigurationPlatforms) = preSolution
		Debug|Any CPU = Debug|Any CPU
		Release|Any CPU = Release|Any CPU
	EndGlobalSection
	GlobalSection(ProjectConfigurationPlatforms) = postSolution
		{469B79F8-C098-4A71-B9DB-C188A53E6D1C}.Debug|Any CPU.ActiveCfg = Debug|Any CPU
		{469B79F8-C098-4A71-B9DB-C188A53E6D1C}.Debug|Any CPU.Build.0 = Debug|Any CPU
		{469B79F8-C098-4A71-B9DB-C188A53E6D1C}.Release|Any CPU.ActiveCfg = Release|Any CPU
		{469B79F8-C098-4A71-B9DB-C188A53E6D1C}.Release|Any CPU.Build.0 = Release|Any CPU
	EndGlobalSection
	GlobalSection(SolutionProperties) = preSolution
		HideSolutionNode = FALSE
	EndGlobalSection
	GlobalSection(ExtensibilityGlobals) = postSolution
		SolutionGuid = {E2457D67-D503-4B26-9FA7-29BB98ACFF00}
	EndGlobalSection
EndGlobal
